
Microsoft Visual Studio Solution File, Format Version 12.00
# Visual Studio Version 17
VisualStudioVersion = 17.10.34916.146
MinimumVisualStudioVersion = 10.0.40219.1
Project("{2150E333-8FDC-42A3-9474-1A3956D46DE8}") = "Solution Files", "Solution Files", "{1469D6ED-D597-487E-B4A0-439132A97529}"
	ProjectSection(SolutionItems) = preProject
		.editorconfig = .editorconfig
		.gitattributes = .gitattributes
		.gitignore = .gitignore
	EndProjectSection
EndProject
Project("{2150E333-8FDC-42A3-9474-1A3956D46DE8}") = "Oops.Services.Identity", "Oops.Services.Identity", "{7179AFF0-DE1B-41B6-BA6A-6FD44D40612C}"
EndProject
Project("{2150E333-8FDC-42A3-9474-1A3956D46DE8}") = "src", "src", "{D919B269-E67A-4E62-B6EF-0AEEBF161197}"
EndProject
Project("{FAE04EC0-301F-11D3-BF4B-00C04F79EFBC}") = "Oops.Services.Identity.Core", "Oops.Services.Identity\src\Oops.Services.Identity.Core\Oops.Services.Identity.Core.csproj", "{DF4D03F0-4F11-40DA-AAE5-3B8657D23F2F}"
EndProject
Project("{FAE04EC0-301F-11D3-BF4B-00C04F79EFBC}") = "Oops.Services.Identity.Infrastructure", "Oops.Services.Identity\src\Oops.Services.Identity.Infrastructure\Oops.Services.Identity.Infrastructure.csproj", "{483D3988-F9C2-4523-A781-A5EB9F1E958D}"
EndProject
Project("{FAE04EC0-301F-11D3-BF4B-00C04F79EFBC}") = "Oops.Services.Identity.Application", "Oops.Services.Identity\src\Oops.Services.Identity.Application\Oops.Services.Identity.Application.csproj", "{AE609E8C-0A51-4DB4-8F0D-44E70EA6EE0B}"
EndProject
Project("{FAE04EC0-301F-11D3-BF4B-00C04F79EFBC}") = "Oops.Services.Identity.Api", "Oops.Services.Identity\src\Oops.Services.Identity.Api\Oops.Services.Identity.Api.csproj", "{682C860A-CC32-417A-BDDB-E8C7A7337BD9}"
EndProject
Project("{2150E333-8FDC-42A3-9474-1A3956D46DE8}") = "Oops.Services.Library", "Oops.Services.Library", "{D253F5FF-DC4C-4775-B37E-20619AE8309C}"
EndProject
Project("{FAE04EC0-301F-11D3-BF4B-00C04F79EFBC}") = "Ops.Services.Library.Mediator", "Ops.Services.Library\Ops.Services.Library.Mediator\Ops.Services.Library.Mediator.csproj", "{2E3DFC76-3AA0-4732-842A-2189FBBA29BC}"
EndProject
Global
	GlobalSection(SolutionConfigurationPlatforms) = preSolution
		Debug|Any CPU = Debug|Any CPU
		Release|Any CPU = Release|Any CPU
	EndGlobalSection
	GlobalSection(ProjectConfigurationPlatforms) = postSolution
		{DF4D03F0-4F11-40DA-AAE5-3B8657D23F2F}.Debug|Any CPU.ActiveCfg = Debug|Any CPU
		{DF4D03F0-4F11-40DA-AAE5-3B8657D23F2F}.Debug|Any CPU.Build.0 = Debug|Any CPU
		{DF4D03F0-4F11-40DA-AAE5-3B8657D23F2F}.Release|Any CPU.ActiveCfg = Release|Any CPU
		{DF4D03F0-4F11-40DA-AAE5-3B8657D23F2F}.Release|Any CPU.Build.0 = Release|Any CPU
		{483D3988-F9C2-4523-A781-A5EB9F1E958D}.Debug|Any CPU.ActiveCfg = Debug|Any CPU
		{483D3988-F9C2-4523-A781-A5EB9F1E958D}.Debug|Any CPU.Build.0 = Debug|Any CPU
		{483D3988-F9C2-4523-A781-A5EB9F1E958D}.Release|Any CPU.ActiveCfg = Release|Any CPU
		{483D3988-F9C2-4523-A781-A5EB9F1E958D}.Release|Any CPU.Build.0 = Release|Any CPU
		{AE609E8C-0A51-4DB4-8F0D-44E70EA6EE0B}.Debug|Any CPU.ActiveCfg = Debug|Any CPU
		{AE609E8C-0A51-4DB4-8F0D-44E70EA6EE0B}.Debug|Any CPU.Build.0 = Debug|Any CPU
		{AE609E8C-0A51-4DB4-8F0D-44E70EA6EE0B}.Release|Any CPU.ActiveCfg = Release|Any CPU
		{AE609E8C-0A51-4DB4-8F0D-44E70EA6EE0B}.Release|Any CPU.Build.0 = Release|Any CPU
		{682C860A-CC32-417A-BDDB-E8C7A7337BD9}.Debug|Any CPU.ActiveCfg = Debug|Any CPU
		{682C860A-CC32-417A-BDDB-E8C7A7337BD9}.Debug|Any CPU.Build.0 = Debug|Any CPU
		{682C860A-CC32-417A-BDDB-E8C7A7337BD9}.Release|Any CPU.ActiveCfg = Release|Any CPU
		{682C860A-CC32-417A-BDDB-E8C7A7337BD9}.Release|Any CPU.Build.0 = Release|Any CPU
		{2E3DFC76-3AA0-4732-842A-2189FBBA29BC}.Debug|Any CPU.ActiveCfg = Debug|Any CPU
		{2E3DFC76-3AA0-4732-842A-2189FBBA29BC}.Debug|Any CPU.Build.0 = Debug|Any CPU
		{2E3DFC76-3AA0-4732-842A-2189FBBA29BC}.Release|Any CPU.ActiveCfg = Release|Any CPU
		{2E3DFC76-3AA0-4732-842A-2189FBBA29BC}.Release|Any CPU.Build.0 = Release|Any CPU
	EndGlobalSection
	GlobalSection(SolutionProperties) = preSolution
		HideSolutionNode = FALSE
	EndGlobalSection
	GlobalSection(NestedProjects) = preSolution
		{D919B269-E67A-4E62-B6EF-0AEEBF161197} = {7179AFF0-DE1B-41B6-BA6A-6FD44D40612C}
		{DF4D03F0-4F11-40DA-AAE5-3B8657D23F2F} = {D919B269-E67A-4E62-B6EF-0AEEBF161197}
		{483D3988-F9C2-4523-A781-A5EB9F1E958D} = {D919B269-E67A-4E62-B6EF-0AEEBF161197}
		{AE609E8C-0A51-4DB4-8F0D-44E70EA6EE0B} = {D919B269-E67A-4E62-B6EF-0AEEBF161197}
		{682C860A-CC32-417A-BDDB-E8C7A7337BD9} = {D919B269-E67A-4E62-B6EF-0AEEBF161197}
		{2E3DFC76-3AA0-4732-842A-2189FBBA29BC} = {D253F5FF-DC4C-4775-B37E-20619AE8309C}
	EndGlobalSection
	GlobalSection(ExtensibilityGlobals) = postSolution
		SolutionGuid = {037AA83B-492D-4223-A10E-6440A5AE6A84}
	EndGlobalSection
EndGlobal
